
Microsoft Visual Studio Solution File, Format Version 12.00
# Visual Studio Version 17
VisualStudioVersion = 17.14.36811.4
MinimumVisualStudioVersion = 10.0.40219.1
Project("{FAE04EC0-301F-11D3-BF4B-00C04F79EFBC}") = "testapi1", "testapi1.csproj", "{570F5F36-BFA9-4815-BE42-47FEB1BBB091}"
EndProject
Project("{FAE04EC0-301F-11D3-BF4B-00C04F79EFBC}") = "testapi1.Tests", "testapi1.Tests\testapi1.Tests.csproj", "{4FB7D817-3144-4825-916B-55672190060A}"
EndProject
Global
	GlobalSection(SolutionConfigurationPlatforms) = preSolution
		Debug|Any CPU = Debug|Any CPU
		Debug|x86 = Debug|x86
		Debug|x64 = Debug|x64
		Release|Any CPU = Release|Any CPU
		Release|x86 = Release|x86
		Release|x64 = Release|x64
	EndGlobalSection
	GlobalSection(ProjectConfigurationPlatforms) = postSolution
		{570F5F36-BFA9-4815-BE42-47FEB1BBB091}.Debug|Any CPU.ActiveCfg = Debug|Any CPU
		{570F5F36-BFA9-4815-BE42-47FEB1BBB091}.Debug|Any CPU.Build.0 = Debug|Any CPU
		{570F5F36-BFA9-4815-BE42-47FEB1BBB091}.Debug|x86.ActiveCfg = Debug|x86
		{570F5F36-BFA9-4815-BE42-47FEB1BBB091}.Debug|x86.Build.0 = Debug|x86
		{570F5F36-BFA9-4815-BE42-47FEB1BBB091}.Debug|x64.ActiveCfg = Debug|Any CPU
		{570F5F36-BFA9-4815-BE42-47FEB1BBB091}.Debug|x64.Build.0 = Debug|Any CPU
		{570F5F36-BFA9-4815-BE42-47FEB1BBB091}.Release|Any CPU.ActiveCfg = Release|Any CPU
		{570F5F36-BFA9-4815-BE42-47FEB1BBB091}.Release|Any CPU.Build.0 = Release|Any CPU
		{570F5F36-BFA9-4815-BE42-47FEB1BBB091}.Release|x86.ActiveCfg = Release|x86
		{570F5F36-BFA9-4815-BE42-47FEB1BBB091}.Release|x86.Build.0 = Release|x86
		{570F5F36-BFA9-4815-BE42-47FEB1BBB091}.Release|x64.ActiveCfg = Release|Any CPU
		{570F5F36-BFA9-4815-BE42-47FEB1BBB091}.Release|x64.Build.0 = Release|Any CPU
		{4FB7D817-3144-4825-916B-55672190060A}.Debug|Any CPU.ActiveCfg = Debug|Any CPU
		{4FB7D817-3144-4825-916B-55672190060A}.Debug|Any CPU.Build.0 = Debug|Any CPU
		{4FB7D817-3144-4825-916B-55672190060A}.Debug|x86.ActiveCfg = Debug|Any CPU
		{4FB7D817-3144-4825-916B-55672190060A}.Debug|x86.Build.0 = Debug|Any CPU
		{4FB7D817-3144-4825-916B-55672190060A}.Debug|x64.ActiveCfg = Debug|Any CPU
		{4FB7D817-3144-4825-916B-55672190060A}.Debug|x64.Build.0 = Debug|Any CPU
		{4FB7D817-3144-4825-916B-55672190060A}.Release|Any CPU.ActiveCfg = Release|Any CPU
		{4FB7D817-3144-4825-916B-55672190060A}.Release|Any CPU.Build.0 = Release|Any CPU
		{4FB7D817-3144-4825-916B-55672190060A}.Release|x86.ActiveCfg = Release|Any CPU
		{4FB7D817-3144-4825-916B-55672190060A}.Release|x86.Build.0 = Release|Any CPU
		{4FB7D817-3144-4825-916B-55672190060A}.Release|x64.ActiveCfg = Release|Any CPU
		{4FB7D817-3144-4825-916B-55672190060A}.Release|x64.Build.0 = Release|Any CPU
	EndGlobalSection
	GlobalSection(SolutionProperties) = preSolution
		HideSolutionNode = FALSE
	EndGlobalSection
	GlobalSection(ExtensibilityGlobals) = postSolution
		SolutionGuid = {3965C05A-892B-4889-A627-382B95D56548}
	EndGlobalSection
EndGlobal
